// !$*UTF8*$!
{
	archiveVersion = 1;
	classes = {
	};
	objectVersion = 48;
	objects = {

/* Begin PBXBuildFile section */
		4308DD3D1FE18F81006C217D /* MemeDetailViewController.swift in Sources */ = {isa = PBXBuildFile; fileRef = 4308DD3C1FE18F81006C217D /* MemeDetailViewController.swift */; };
		4373D7FA1FC6F0B600E100F2 /* Meme Struct.swift in Sources */ = {isa = PBXBuildFile; fileRef = 4373D7F91FC6F0B600E100F2 /* Meme Struct.swift */; };
		438763C21FD97B7600F88E31 /* MemeCollectionViewController.swift in Sources */ = {isa = PBXBuildFile; fileRef = 438763C11FD97B7600F88E31 /* MemeCollectionViewController.swift */; };
		438763C41FD97BA800F88E31 /* MemeTableViewController.swift in Sources */ = {isa = PBXBuildFile; fileRef = 438763C31FD97BA800F88E31 /* MemeTableViewController.swift */; };
		438763CA1FD99A0500F88E31 /* CustomCollectionViewCell.swift in Sources */ = {isa = PBXBuildFile; fileRef = 438763C91FD99A0500F88E31 /* CustomCollectionViewCell.swift */; };
		43EC737F1FA0B7DC00B0D5DB /* AppDelegate.swift in Sources */ = {isa = PBXBuildFile; fileRef = 43EC737E1FA0B7DC00B0D5DB /* AppDelegate.swift */; };
		43EC73811FA0B7DC00B0D5DB /* MemeEditorViewController.swift in Sources */ = {isa = PBXBuildFile; fileRef = 43EC73801FA0B7DC00B0D5DB /* MemeEditorViewController.swift */; };
		43EC73841FA0B7DC00B0D5DB /* Main.storyboard in Resources */ = {isa = PBXBuildFile; fileRef = 43EC73821FA0B7DC00B0D5DB /* Main.storyboard */; };
		43EC73861FA0B7DC00B0D5DB /* Assets.xcassets in Resources */ = {isa = PBXBuildFile; fileRef = 43EC73851FA0B7DC00B0D5DB /* Assets.xcassets */; };
		43EC73891FA0B7DC00B0D5DB /* LaunchScreen.storyboard in Resources */ = {isa = PBXBuildFile; fileRef = 43EC73871FA0B7DC00B0D5DB /* LaunchScreen.storyboard */; };
/* End PBXBuildFile section */

/* Begin PBXFileReference section */
		4308DD3C1FE18F81006C217D /* MemeDetailViewController.swift */ = {isa = PBXFileReference; lastKnownFileType = sourcecode.swift; path = MemeDetailViewController.swift; sourceTree = "<group>"; };
		4373D7F91FC6F0B600E100F2 /* Meme Struct.swift */ = {isa = PBXFileReference; lastKnownFileType = sourcecode.swift; path = "Meme Struct.swift"; sourceTree = "<group>"; };
		438763C11FD97B7600F88E31 /* MemeCollectionViewController.swift */ = {isa = PBXFileReference; lastKnownFileType = sourcecode.swift; path = MemeCollectionViewController.swift; sourceTree = "<group>"; };
		438763C31FD97BA800F88E31 /* MemeTableViewController.swift */ = {isa = PBXFileReference; lastKnownFileType = sourcecode.swift; path = MemeTableViewController.swift; sourceTree = "<group>"; };
		438763C91FD99A0500F88E31 /* CustomCollectionViewCell.swift */ = {isa = PBXFileReference; lastKnownFileType = sourcecode.swift; path = CustomCollectionViewCell.swift; sourceTree = "<group>"; };
		43EC737B1FA0B7DC00B0D5DB /* Experiment1.app */ = {isa = PBXFileReference; explicitFileType = wrapper.application; includeInIndex = 0; path = Experiment1.app; sourceTree = BUILT_PRODUCTS_DIR; };
		43EC737E1FA0B7DC00B0D5DB /* AppDelegate.swift */ = {isa = PBXFileReference; lastKnownFileType = sourcecode.swift; path = AppDelegate.swift; sourceTree = "<group>"; };
		43EC73801FA0B7DC00B0D5DB /* MemeEditorViewController.swift */ = {isa = PBXFileReference; lastKnownFileType = sourcecode.swift; path = MemeEditorViewController.swift; sourceTree = "<group>"; };
		43EC73831FA0B7DC00B0D5DB /* Base */ = {isa = PBXFileReference; lastKnownFileType = file.storyboard; name = Base; path = Base.lproj/Main.storyboard; sourceTree = "<group>"; };
		43EC73851FA0B7DC00B0D5DB /* Assets.xcassets */ = {isa = PBXFileReference; lastKnownFileType = folder.assetcatalog; path = Assets.xcassets; sourceTree = "<group>"; };
		43EC73881FA0B7DC00B0D5DB /* Base */ = {isa = PBXFileReference; lastKnownFileType = file.storyboard; name = Base; path = Base.lproj/LaunchScreen.storyboard; sourceTree = "<group>"; };
		43EC738A1FA0B7DC00B0D5DB /* Info.plist */ = {isa = PBXFileReference; lastKnownFileType = text.plist.xml; path = Info.plist; sourceTree = "<group>"; };
/* End PBXFileReference section */

/* Begin PBXFrameworksBuildPhase section */
		43EC73781FA0B7DC00B0D5DB /* Frameworks */ = {
			isa = PBXFrameworksBuildPhase;
			buildActionMask = 2147483647;
			files = (
			);
			runOnlyForDeploymentPostprocessing = 0;
		};
/* End PBXFrameworksBuildPhase section */

/* Begin PBXGroup section */
		43EC73721FA0B7DC00B0D5DB = {
			isa = PBXGroup;
			children = (
				43EC737D1FA0B7DC00B0D5DB /* MemeMe2.0 */,
				43EC737C1FA0B7DC00B0D5DB /* Products */,
			);
			sourceTree = "<group>";
		};
		43EC737C1FA0B7DC00B0D5DB /* Products */ = {
			isa = PBXGroup;
			children = (
				43EC737B1FA0B7DC00B0D5DB /* Experiment1.app */,
			);
			name = Products;
			sourceTree = "<group>";
		};
		43EC737D1FA0B7DC00B0D5DB /* MemeMe2.0 */ = {
			isa = PBXGroup;
			children = (
				43EC737E1FA0B7DC00B0D5DB /* AppDelegate.swift */,
				43EC73801FA0B7DC00B0D5DB /* MemeEditorViewController.swift */,
				4373D7F91FC6F0B600E100F2 /* Meme Struct.swift */,
				438763C11FD97B7600F88E31 /* MemeCollectionViewController.swift */,
				438763C31FD97BA800F88E31 /* MemeTableViewController.swift */,
				438763C91FD99A0500F88E31 /* CustomCollectionViewCell.swift */,
				4308DD3C1FE18F81006C217D /* MemeDetailViewController.swift */,
				43EC73821FA0B7DC00B0D5DB /* Main.storyboard */,
				43EC73851FA0B7DC00B0D5DB /* Assets.xcassets */,
				43EC73871FA0B7DC00B0D5DB /* LaunchScreen.storyboard */,
				43EC738A1FA0B7DC00B0D5DB /* Info.plist */,
			);
			path = MemeMe2.0;
			sourceTree = "<group>";
		};
/* End PBXGroup section */

/* Begin PBXNativeTarget section */
		43EC737A1FA0B7DC00B0D5DB /* Experiment1 */ = {
			isa = PBXNativeTarget;
			buildConfigurationList = 43EC738D1FA0B7DC00B0D5DB /* Build configuration list for PBXNativeTarget "Experiment1" */;
			buildPhases = (
				43EC73771FA0B7DC00B0D5DB /* Sources */,
				43EC73781FA0B7DC00B0D5DB /* Frameworks */,
				43EC73791FA0B7DC00B0D5DB /* Resources */,
			);
			buildRules = (
			);
			dependencies = (
			);
			name = Experiment1;
			productName = Experiment1;
			productReference = 43EC737B1FA0B7DC00B0D5DB /* Experiment1.app */;
			productType = "com.apple.product-type.application";
		};
/* End PBXNativeTarget section */

/* Begin PBXProject section */
		43EC73731FA0B7DC00B0D5DB /* Project object */ = {
			isa = PBXProject;
			attributes = {
				LastSwiftUpdateCheck = 0900;
				LastUpgradeCheck = 0900;
				ORGANIZATIONNAME = "Pete Chambers";
				TargetAttributes = {
					43EC737A1FA0B7DC00B0D5DB = {
						CreatedOnToolsVersion = 9.0.1;
						LastSwiftMigration = 0910;
						ProvisioningStyle = Automatic;
					};
				};
			};
			buildConfigurationList = 43EC73761FA0B7DC00B0D5DB /* Build configuration list for PBXProject "MemeMe2.0" */;
			compatibilityVersion = "Xcode 8.0";
			developmentRegion = en;
			hasScannedForEncodings = 0;
			knownRegions = (
				en,
				Base,
			);
			mainGroup = 43EC73721FA0B7DC00B0D5DB;
			productRefGroup = 43EC737C1FA0B7DC00B0D5DB /* Products */;
			projectDirPath = "";
			projectRoot = "";
			targets = (
				43EC737A1FA0B7DC00B0D5DB /* Experiment1 */,
			);
		};
/* End PBXProject section */

/* Begin PBXResourcesBuildPhase section */
		43EC73791FA0B7DC00B0D5DB /* Resources */ = {
			isa = PBXResourcesBuildPhase;
			buildActionMask = 2147483647;
			files = (
				43EC73891FA0B7DC00B0D5DB /* LaunchScreen.storyboard in Resources */,
				43EC73861FA0B7DC00B0D5DB /* Assets.xcassets in Resources */,
				43EC73841FA0B7DC00B0D5DB /* Main.storyboard in Resources */,
			);
			runOnlyForDeploymentPostprocessing = 0;
		};
/* End PBXResourcesBuildPhase section */

/* Begin PBXSourcesBuildPhase section */
		43EC73771FA0B7DC00B0D5DB /* Sources */ = {
			isa = PBXSourcesBuildPhase;
			buildActionMask = 2147483647;
			files = (
				438763C21FD97B7600F88E31 /* MemeCollectionViewController.swift in Sources */,
				438763CA1FD99A0500F88E31 /* CustomCollectionViewCell.swift in Sources */,
				43EC73811FA0B7DC00B0D5DB /* MemeEditorViewController.swift in Sources */,
				43EC737F1FA0B7DC00B0D5DB /* AppDelegate.swift in Sources */,
				4308DD3D1FE18F81006C217D /* MemeDetailViewController.swift in Sources */,
				438763C41FD97BA800F88E31 /* MemeTableViewController.swift in Sources */,
				4373D7FA1FC6F0B600E100F2 /* Meme Struct.swift in Sources */,
			);
			runOnlyForDeploymentPostprocessing = 0;
		};
/* End PBXSourcesBuildPhase section */

/* Begin PBXVariantGroup section */
		43EC73821FA0B7DC00B0D5DB /* Main.storyboard */ = {
			isa = PBXVariantGroup;
			children = (
				43EC73831FA0B7DC00B0D5DB /* Base */,
			);
			name = Main.storyboard;
			sourceTree = "<group>";
		};
		43EC73871FA0B7DC00B0D5DB /* LaunchScreen.storyboard */ = {
			isa = PBXVariantGroup;
			children = (
				43EC73881FA0B7DC00B0D5DB /* Base */,
			);
			name = LaunchScreen.storyboard;
			sourceTree = "<group>";
		};
/* End PBXVariantGroup section */

/* Begin XCBuildConfiguration section */
		43EC738B1FA0B7DC00B0D5DB /* Debug */ = {
			isa = XCBuildConfiguration;
			buildSettings = {
				ALWAYS_SEARCH_USER_PATHS = NO;
				CLANG_ANALYZER_NONNULL = YES;
				CLANG_ANALYZER_NUMBER_OBJECT_CONVERSION = YES_AGGRESSIVE;
				CLANG_CXX_LANGUAGE_STANDARD = "gnu++14";
				CLANG_CXX_LIBRARY = "libc++";
				CLANG_ENABLE_MODULES = YES;
				CLANG_ENABLE_OBJC_ARC = YES;
				CLANG_WARN_BLOCK_CAPTURE_AUTORELEASING = YES;
				CLANG_WARN_BOOL_CONVERSION = YES;
				CLANG_WARN_COMMA = YES;
				CLANG_WARN_CONSTANT_CONVERSION = YES;
				CLANG_WARN_DIRECT_OBJC_ISA_USAGE = YES_ERROR;
				CLANG_WARN_DOCUMENTATION_COMMENTS = YES;
				CLANG_WARN_EMPTY_BODY = YES;
				CLANG_WARN_ENUM_CONVERSION = YES;
				CLANG_WARN_INFINITE_RECURSION = YES;
				CLANG_WARN_INT_CONVERSION = YES;
				CLANG_WARN_NON_LITERAL_NULL_CONVERSION = YES;
				CLANG_WARN_OBJC_LITERAL_CONVERSION = YES;
				CLANG_WARN_OBJC_ROOT_CLASS = YES_ERROR;
				CLANG_WARN_RANGE_LOOP_ANALYSIS = YES;
				CLANG_WARN_STRICT_PROTOTYPES = YES;
				CLANG_WARN_SUSPICIOUS_MOVE = YES;
				CLANG_WARN_UNGUARDED_AVAILABILITY = YES_AGGRESSIVE;
				CLANG_WARN_UNREACHABLE_CODE = YES;
				CLANG_WARN__DUPLICATE_METHOD_MATCH = YES;
				CODE_SIGN_IDENTITY = "iPhone Developer";
				COPY_PHASE_STRIP = NO;
				DEBUG_INFORMATION_FORMAT = dwarf;
				ENABLE_STRICT_OBJC_MSGSEND = YES;
				ENABLE_TESTABILITY = YES;
				GCC_C_LANGUAGE_STANDARD = gnu11;
				GCC_DYNAMIC_NO_PIC = NO;
				GCC_NO_COMMON_BLOCKS = YES;
				GCC_OPTIMIZATION_LEVEL = 0;
				GCC_PREPROCESSOR_DEFINITIONS = (
					"DEBUG=1",
					"$(inherited)",
				);
				GCC_WARN_64_TO_32_BIT_CONVERSION = YES;
				GCC_WARN_ABOUT_RETURN_TYPE = YES_ERROR;
				GCC_WARN_UNDECLARED_SELECTOR = YES;
				GCC_WARN_UNINITIALIZED_AUTOS = YES_AGGRESSIVE;
				GCC_WARN_UNUSED_FUNCTION = YES;
				GCC_WARN_UNUSED_VARIABLE = YES;
				IPHONEOS_DEPLOYMENT_TARGET = 11.0;
				MTL_ENABLE_DEBUG_INFO = YES;
				ONLY_ACTIVE_ARCH = YES;
				SDKROOT = iphoneos;
				SWIFT_ACTIVE_COMPILATION_CONDITIONS = DEBUG;
				SWIFT_OPTIMIZATION_LEVEL = "-Onone";
			};
			name = Debug;
		};
		43EC738C1FA0B7DC00B0D5DB /* Release */ = {
			isa = XCBuildConfiguration;
			buildSettings = {
				ALWAYS_SEARCH_USER_PATHS = NO;
				CLANG_ANALYZER_NONNULL = YES;
				CLANG_ANALYZER_NUMBER_OBJECT_CONVERSION = YES_AGGRESSIVE;
				CLANG_CXX_LANGUAGE_STANDARD = "gnu++14";
				CLANG_CXX_LIBRARY = "libc++";
				CLANG_ENABLE_MODULES = YES;
				CLANG_ENABLE_OBJC_ARC = YES;
				CLANG_WARN_BLOCK_CAPTURE_AUTORELEASING = YES;
				CLANG_WARN_BOOL_CONVERSION = YES;
				CLANG_WARN_COMMA = YES;
				CLANG_WARN_CONSTANT_CONVERSION = YES;
				CLANG_WARN_DIRECT_OBJC_ISA_USAGE = YES_ERROR;
				CLANG_WARN_DOCUMENTATION_COMMENTS = YES;
				CLANG_WARN_EMPTY_BODY = YES;
				CLANG_WARN_ENUM_CONVERSION = YES;
				CLANG_WARN_INFINITE_RECURSION = YES;
				CLANG_WARN_INT_CONVERSION = YES;
				CLANG_WARN_NON_LITERAL_NULL_CONVERSION = YES;
				CLANG_WARN_OBJC_LITERAL_CONVERSION = YES;
				CLANG_WARN_OBJC_ROOT_CLASS = YES_ERROR;
				CLANG_WARN_RANGE_LOOP_ANALYSIS = YES;
				CLANG_WARN_STRICT_PROTOTYPES = YES;
				CLANG_WARN_SUSPICIOUS_MOVE = YES;
				CLANG_WARN_UNGUARDED_AVAILABILITY = YES_AGGRESSIVE;
				CLANG_WARN_UNREACHABLE_CODE = YES;
				CLANG_WARN__DUPLICATE_METHOD_MATCH = YES;
				CODE_SIGN_IDENTITY = "iPhone Developer";
				COPY_PHASE_STRIP = NO;
				DEBUG_INFORMATION_FORMAT = "dwarf-with-dsym";
				ENABLE_NS_ASSERTIONS = NO;
				ENABLE_STRICT_OBJC_MSGSEND = YES;
				GCC_C_LANGUAGE_STANDARD = gnu11;
				GCC_NO_COMMON_BLOCKS = YES;
				GCC_WARN_64_TO_32_BIT_CONVERSION = YES;
				GCC_WARN_ABOUT_RETURN_TYPE = YES_ERROR;
				GCC_WARN_UNDECLARED_SELECTOR = YES;
				GCC_WARN_UNINITIALIZED_AUTOS = YES_AGGRESSIVE;
				GCC_WARN_UNUSED_FUNCTION = YES;
				GCC_WARN_UNUSED_VARIABLE = YES;
				IPHONEOS_DEPLOYMENT_TARGET = 11.0;
				MTL_ENABLE_DEBUG_INFO = NO;
				SDKROOT = iphoneos;
				SWIFT_OPTIMIZATION_LEVEL = "-Owholemodule";
				VALIDATE_PRODUCT = YES;
			};
			name = Release;
		};
		43EC738E1FA0B7DC00B0D5DB /* Debug */ = {
			isa = XCBuildConfiguration;
			buildSettings = {
				ASSETCATALOG_COMPILER_APPICON_NAME = AppIcon;
				CLANG_ENABLE_MODULES = YES;
				CODE_SIGN_STYLE = Automatic;
				DEVELOPMENT_TEAM = U658349NK9;
				INFOPLIST_FILE = "$(SRCROOT)/MemeMe2.0/Info.plist";
				LD_RUNPATH_SEARCH_PATHS = "$(inherited) @executable_path/Frameworks";
				PRODUCT_BUNDLE_IDENTIFIER = "Pete-Chambers.Experiment1";
				PRODUCT_NAME = "$(TARGET_NAME)";
				SWIFT_OBJC_BRIDGING_HEADER = "";
				SWIFT_OPTIMIZATION_LEVEL = "-Onone";
				SWIFT_VERSION = 4.0;
				TARGETED_DEVICE_FAMILY = "1,2";
			};
			name = Debug;
		};
		43EC738F1FA0B7DC00B0D5DB /* Release */ = {
			isa = XCBuildConfiguration;
			buildSettings = {
				ASSETCATALOG_COMPILER_APPICON_NAME = AppIcon;
				CLANG_ENABLE_MODULES = YES;
				CODE_SIGN_STYLE = Automatic;
				DEVELOPMENT_TEAM = U658349NK9;
				INFOPLIST_FILE = "$(SRCROOT)/MemeMe2.0/Info.plist";
				LD_RUNPATH_SEARCH_PATHS = "$(inherited) @executable_path/Frameworks";
				PRODUCT_BUNDLE_IDENTIFIER = "Pete-Chambers.Experiment1";
				PRODUCT_NAME = "$(TARGET_NAME)";
				SWIFT_OBJC_BRIDGING_HEADER = "";
				SWIFT_VERSION = 4.0;
				TARGETED_DEVICE_FAMILY = "1,2";
			};
			name = Release;
		};
/* End XCBuildConfiguration section */

/* Begin XCConfigurationList section */
		43EC73761FA0B7DC00B0D5DB /* Build configuration list for PBXProject "MemeMe2.0" */ = {
			isa = XCConfigurationList;
			buildConfigurations = (
				43EC738B1FA0B7DC00B0D5DB /* Debug */,
				43EC738C1FA0B7DC00B0D5DB /* Release */,
			);
			defaultConfigurationIsVisible = 0;
			defaultConfigurationName = Release;
		};
		43EC738D1FA0B7DC00B0D5DB /* Build configuration list for PBXNativeTarget "Experiment1" */ = {
			isa = XCConfigurationList;
			buildConfigurations = (
				43EC738E1FA0B7DC00B0D5DB /* Debug */,
				43EC738F1FA0B7DC00B0D5DB /* Release */,
			);
			defaultConfigurationIsVisible = 0;
			defaultConfigurationName = Release;
		};
/* End XCConfigurationList section */
	};
	rootObject = 43EC73731FA0B7DC00B0D5DB /* Project object */;
}
